
Microsoft Visual Studio Solution File, Format Version 12.00
# Visual Studio Version 17
VisualStudioVersion = 17.10.35013.160
MinimumVisualStudioVersion = 10.0.40219.1
Project("{FAE04EC0-301F-11D3-BF4B-00C04F79EFBC}") = "Egysegteszt_SzilagyiIstvanMarcell", "Egysegteszt_SzilagyiIstvanMarcell\Egysegteszt_SzilagyiIstvanMarcell.csproj", "{A9FB8634-2432-4C49-B6C5-41AD153D680C}"
EndProject
Project("{FAE04EC0-301F-11D3-BF4B-00C04F79EFBC}") = "RectangleTests", "RectangleTests\RectangleTests.csproj", "{C792A054-1D10-4749-AE0A-EBF50003DFBD}"
EndProject
Global
	GlobalSection(SolutionConfigurationPlatforms) = preSolution
		Debug|Any CPU = Debug|Any CPU
		Release|Any CPU = Release|Any CPU
	EndGlobalSection
	GlobalSection(ProjectConfigurationPlatforms) = postSolution
		{A9FB8634-2432-4C49-B6C5-41AD153D680C}.Debug|Any CPU.ActiveCfg = Debug|Any CPU
		{A9FB8634-2432-4C49-B6C5-41AD153D680C}.Debug|Any CPU.Build.0 = Debug|Any CPU
		{A9FB8634-2432-4C49-B6C5-41AD153D680C}.Release|Any CPU.ActiveCfg = Release|Any CPU
		{A9FB8634-2432-4C49-B6C5-41AD153D680C}.Release|Any CPU.Build.0 = Release|Any CPU
		{C792A054-1D10-4749-AE0A-EBF50003DFBD}.Debug|Any CPU.ActiveCfg = Debug|Any CPU
		{C792A054-1D10-4749-AE0A-EBF50003DFBD}.Debug|Any CPU.Build.0 = Debug|Any CPU
		{C792A054-1D10-4749-AE0A-EBF50003DFBD}.Release|Any CPU.ActiveCfg = Release|Any CPU
		{C792A054-1D10-4749-AE0A-EBF50003DFBD}.Release|Any CPU.Build.0 = Release|Any CPU
	EndGlobalSection
	GlobalSection(SolutionProperties) = preSolution
		HideSolutionNode = FALSE
	EndGlobalSection
	GlobalSection(ExtensibilityGlobals) = postSolution
		SolutionGuid = {333BF71A-A3C2-44E1-B0F3-3F6A9E4FBFDA}
	EndGlobalSection
EndGlobal
